
Microsoft Visual Studio Solution File, Format Version 12.00
# Visual Studio Version 17
VisualStudioVersion = 17.7.34221.43
MinimumVisualStudioVersion = 10.0.40219.1
Project("{FAE04EC0-301F-11D3-BF4B-00C04F79EFBC}") = "AplikasiPenghitungGaji.Api", "AplikasiPenghitungGaji.Api\AplikasiPenghitungGaji.Api.csproj", "{FD8313CD-DA70-4E1F-816F-F1DEAD140745}"
EndProject
Project("{FAE04EC0-301F-11D3-BF4B-00C04F79EFBC}") = "AplikasiPenghitungGaji.Web", "AplikasiPenghitungGaji.Web\AplikasiPenghitungGaji.Web.csproj", "{C231B957-78D4-400A-9001-6600FFE9A219}"
EndProject
Project("{FAE04EC0-301F-11D3-BF4B-00C04F79EFBC}") = "DataModel", "DataModel\DataModel.csproj", "{FB692A6D-48B9-4C2B-9DED-AFEC8E17B6F0}"
EndProject
Project("{FAE04EC0-301F-11D3-BF4B-00C04F79EFBC}") = "ViewModel", "ViewModel\ViewModel.csproj", "{50F37543-7287-4C92-B952-AE8333B4361C}"
EndProject
Global
	GlobalSection(SolutionConfigurationPlatforms) = preSolution
		Debug|Any CPU = Debug|Any CPU
		Release|Any CPU = Release|Any CPU
	EndGlobalSection
	GlobalSection(ProjectConfigurationPlatforms) = postSolution
		{FD8313CD-DA70-4E1F-816F-F1DEAD140745}.Debug|Any CPU.ActiveCfg = Debug|Any CPU
		{FD8313CD-DA70-4E1F-816F-F1DEAD140745}.Debug|Any CPU.Build.0 = Debug|Any CPU
		{FD8313CD-DA70-4E1F-816F-F1DEAD140745}.Release|Any CPU.ActiveCfg = Release|Any CPU
		{FD8313CD-DA70-4E1F-816F-F1DEAD140745}.Release|Any CPU.Build.0 = Release|Any CPU
		{C231B957-78D4-400A-9001-6600FFE9A219}.Debug|Any CPU.ActiveCfg = Debug|Any CPU
		{C231B957-78D4-400A-9001-6600FFE9A219}.Debug|Any CPU.Build.0 = Debug|Any CPU
		{C231B957-78D4-400A-9001-6600FFE9A219}.Release|Any CPU.ActiveCfg = Release|Any CPU
		{C231B957-78D4-400A-9001-6600FFE9A219}.Release|Any CPU.Build.0 = Release|Any CPU
		{FB692A6D-48B9-4C2B-9DED-AFEC8E17B6F0}.Debug|Any CPU.ActiveCfg = Debug|Any CPU
		{FB692A6D-48B9-4C2B-9DED-AFEC8E17B6F0}.Debug|Any CPU.Build.0 = Debug|Any CPU
		{FB692A6D-48B9-4C2B-9DED-AFEC8E17B6F0}.Release|Any CPU.ActiveCfg = Release|Any CPU
		{FB692A6D-48B9-4C2B-9DED-AFEC8E17B6F0}.Release|Any CPU.Build.0 = Release|Any CPU
		{50F37543-7287-4C92-B952-AE8333B4361C}.Debug|Any CPU.ActiveCfg = Debug|Any CPU
		{50F37543-7287-4C92-B952-AE8333B4361C}.Debug|Any CPU.Build.0 = Debug|Any CPU
		{50F37543-7287-4C92-B952-AE8333B4361C}.Release|Any CPU.ActiveCfg = Release|Any CPU
		{50F37543-7287-4C92-B952-AE8333B4361C}.Release|Any CPU.Build.0 = Release|Any CPU
	EndGlobalSection
	GlobalSection(SolutionProperties) = preSolution
		HideSolutionNode = FALSE
	EndGlobalSection
	GlobalSection(ExtensibilityGlobals) = postSolution
		SolutionGuid = {80C1186B-4A2D-45EE-BD79-E52927B45491}
	EndGlobalSection
EndGlobal
